
Microsoft Visual Studio Solution File, Format Version 12.00
Project("{FAE04EC0-301F-11D3-BF4B-00C04F79EFBC}") = "TCPChat", "TCPChat.csproj", "{BEFA62C1-9CCF-46F2-9B8E-D0E771D72D1A}"
EndProject
Global
	GlobalSection(SolutionConfigurationPlatforms) = preSolution
		Debug|Any CPU = Debug|Any CPU
		Release|Any CPU = Release|Any CPU
	EndGlobalSection
	GlobalSection(ProjectConfigurationPlatforms) = postSolution
		{BEFA62C1-9CCF-46F2-9B8E-D0E771D72D1A}.Debug|Any CPU.ActiveCfg = Debug|Any CPU
		{BEFA62C1-9CCF-46F2-9B8E-D0E771D72D1A}.Debug|Any CPU.Build.0 = Debug|Any CPU
		{BEFA62C1-9CCF-46F2-9B8E-D0E771D72D1A}.Release|Any CPU.ActiveCfg = Release|Any CPU
		{BEFA62C1-9CCF-46F2-9B8E-D0E771D72D1A}.Release|Any CPU.Build.0 = Release|Any CPU
	EndGlobalSection
EndGlobal
